
Microsoft Visual Studio Solution File, Format Version 12.00
# Visual Studio Version 16
VisualStudioVersion = 16.0.31911.196
MinimumVisualStudioVersion = 10.0.40219.1
Project("{8BC9CEB8-8B4A-11D0-8D11-00A0C91BC942}") = "Wecode function", "Wecode function\Wecode function.vcxproj", "{F1438FA4-F9DD-4C58-A4D5-168CB30E6CCE}"
EndProject
Global
	GlobalSection(SolutionConfigurationPlatforms) = preSolution
		Debug|x64 = Debug|x64
		Debug|x86 = Debug|x86
		Release|x64 = Release|x64
		Release|x86 = Release|x86
	EndGlobalSection
	GlobalSection(ProjectConfigurationPlatforms) = postSolution
		{F1438FA4-F9DD-4C58-A4D5-168CB30E6CCE}.Debug|x64.ActiveCfg = Debug|x64
		{F1438FA4-F9DD-4C58-A4D5-168CB30E6CCE}.Debug|x64.Build.0 = Debug|x64
		{F1438FA4-F9DD-4C58-A4D5-168CB30E6CCE}.Debug|x86.ActiveCfg = Debug|Win32
		{F1438FA4-F9DD-4C58-A4D5-168CB30E6CCE}.Debug|x86.Build.0 = Debug|Win32
		{F1438FA4-F9DD-4C58-A4D5-168CB30E6CCE}.Release|x64.ActiveCfg = Release|x64
		{F1438FA4-F9DD-4C58-A4D5-168CB30E6CCE}.Release|x64.Build.0 = Release|x64
		{F1438FA4-F9DD-4C58-A4D5-168CB30E6CCE}.Release|x86.ActiveCfg = Release|Win32
		{F1438FA4-F9DD-4C58-A4D5-168CB30E6CCE}.Release|x86.Build.0 = Release|Win32
	EndGlobalSection
	GlobalSection(SolutionProperties) = preSolution
		HideSolutionNode = FALSE
	EndGlobalSection
	GlobalSection(ExtensibilityGlobals) = postSolution
		SolutionGuid = {F2322706-B0C3-4D3A-977E-A922FE3DF173}
	EndGlobalSection
EndGlobal
