
Microsoft Visual Studio Solution File, Format Version 12.00
# Visual Studio Version 16
VisualStudioVersion = 16.0.31727.386
MinimumVisualStudioVersion = 10.0.40219.1
Project("{8BC9CEB8-8B4A-11D0-8D11-00A0C91BC942}") = "Bai_tap_wecode", "Bai_tap_wecode\Bai_tap_wecode.vcxproj", "{A72FF160-AFFF-4B43-B549-FE79A6FD38A3}"
EndProject
Global
	GlobalSection(SolutionConfigurationPlatforms) = preSolution
		Debug|x64 = Debug|x64
		Debug|x86 = Debug|x86
		Release|x64 = Release|x64
		Release|x86 = Release|x86
	EndGlobalSection
	GlobalSection(ProjectConfigurationPlatforms) = postSolution
		{A72FF160-AFFF-4B43-B549-FE79A6FD38A3}.Debug|x64.ActiveCfg = Debug|x64
		{A72FF160-AFFF-4B43-B549-FE79A6FD38A3}.Debug|x64.Build.0 = Debug|x64
		{A72FF160-AFFF-4B43-B549-FE79A6FD38A3}.Debug|x86.ActiveCfg = Debug|Win32
		{A72FF160-AFFF-4B43-B549-FE79A6FD38A3}.Debug|x86.Build.0 = Debug|Win32
		{A72FF160-AFFF-4B43-B549-FE79A6FD38A3}.Release|x64.ActiveCfg = Release|x64
		{A72FF160-AFFF-4B43-B549-FE79A6FD38A3}.Release|x64.Build.0 = Release|x64
		{A72FF160-AFFF-4B43-B549-FE79A6FD38A3}.Release|x86.ActiveCfg = Release|Win32
		{A72FF160-AFFF-4B43-B549-FE79A6FD38A3}.Release|x86.Build.0 = Release|Win32
	EndGlobalSection
	GlobalSection(SolutionProperties) = preSolution
		HideSolutionNode = FALSE
	EndGlobalSection
	GlobalSection(ExtensibilityGlobals) = postSolution
		SolutionGuid = {259964EC-C04D-4D13-8FEF-6A7154835600}
	EndGlobalSection
EndGlobal
